
Microsoft Visual Studio Solution File, Format Version 12.00
# Visual Studio Version 17
VisualStudioVersion = 17.6.33815.320
MinimumVisualStudioVersion = 10.0.40219.1
Project("{FAE04EC0-301F-11D3-BF4B-00C04F79EFBC}") = "LAB5-TESTS", "LAB5-TESTS\LAB5-TESTS.csproj", "{5972FA41-B0E8-4724-83D2-4566EA65908F}"
EndProject
Project("{FAE04EC0-301F-11D3-BF4B-00C04F79EFBC}") = "TestProject", "TestProject\TestProject.csproj", "{5E520BA6-027F-4114-A0EF-D57ED9B5EAD4}"
EndProject
Global
	GlobalSection(SolutionConfigurationPlatforms) = preSolution
		Debug|Any CPU = Debug|Any CPU
		Release|Any CPU = Release|Any CPU
	EndGlobalSection
	GlobalSection(ProjectConfigurationPlatforms) = postSolution
		{5972FA41-B0E8-4724-83D2-4566EA65908F}.Debug|Any CPU.ActiveCfg = Debug|Any CPU
		{5972FA41-B0E8-4724-83D2-4566EA65908F}.Debug|Any CPU.Build.0 = Debug|Any CPU
		{5972FA41-B0E8-4724-83D2-4566EA65908F}.Release|Any CPU.ActiveCfg = Release|Any CPU
		{5972FA41-B0E8-4724-83D2-4566EA65908F}.Release|Any CPU.Build.0 = Release|Any CPU
		{5E520BA6-027F-4114-A0EF-D57ED9B5EAD4}.Debug|Any CPU.ActiveCfg = Debug|Any CPU
		{5E520BA6-027F-4114-A0EF-D57ED9B5EAD4}.Debug|Any CPU.Build.0 = Debug|Any CPU
		{5E520BA6-027F-4114-A0EF-D57ED9B5EAD4}.Release|Any CPU.ActiveCfg = Release|Any CPU
		{5E520BA6-027F-4114-A0EF-D57ED9B5EAD4}.Release|Any CPU.Build.0 = Release|Any CPU
	EndGlobalSection
	GlobalSection(SolutionProperties) = preSolution
		HideSolutionNode = FALSE
	EndGlobalSection
	GlobalSection(ExtensibilityGlobals) = postSolution
		SolutionGuid = {6DEAA134-74AC-4251-83EC-8F1AE2AFB385}
	EndGlobalSection
EndGlobal
